PODS:
  - Alamofire (5.0.0-rc.3)
  - Kingfisher (5.13.0):
    - Kingfisher/Core (= 5.13.0)
  - Kingfisher/Core (5.13.0)
  - SwiftHash (2.0.2)

DEPENDENCIES:
  - Alamofire (~> 5.0.0-rc.3)
  - Kingfisher (~> 5.0)
  - SwiftHash

SPEC REPOS:
  trunk:
    - Alamofire
    - Kingfisher
    - SwiftHash

SPEC CHECKSUMS:
  Alamofire: ca8c0de6906873be89d6deec5c8de279e00bf872
  Kingfisher: 0d334cada987fcddbe9b5cec516406e1ee9d4748
  SwiftHash: 6d312abe61c8359bdef8d0093642f3a70b1c17ba

PODFILE CHECKSUM: 46a161f3317fe52f9e3c17f3d9f58f12a48e6803

COCOAPODS: 1.8.0
