// !$*UTF8*$!
{
	archiveVersion = 1;
	classes = {
	};
	objectVersion = 51;
	objects = {

/* Begin PBXBuildFile section */
		6D074E7F23B99DFE002AC119 /* AppDelegate.swift in Sources */ = {isa = PBXBuildFile; fileRef = 6D074E7E23B99DFE002AC119 /* AppDelegate.swift */; };
		6D074E8123B99DFE002AC119 /* SceneDelegate.swift in Sources */ = {isa = PBXBuildFile; fileRef = 6D074E8023B99DFE002AC119 /* SceneDelegate.swift */; };
		6D074E8323B99DFE002AC119 /* ViewController.swift in Sources */ = {isa = PBXBuildFile; fileRef = 6D074E8223B99DFE002AC119 /* ViewController.swift */; };
		6D074E8623B99DFE002AC119 /* Main.storyboard in Resources */ = {isa = PBXBuildFile; fileRef = 6D074E8423B99DFE002AC119 /* Main.storyboard */; };
		6D074E8823B99E01002AC119 /* Assets.xcassets in Resources */ = {isa = PBXBuildFile; fileRef = 6D074E8723B99E01002AC119 /* Assets.xcassets */; };
		6D074E8B23B99E01002AC119 /* LaunchScreen.storyboard in Resources */ = {isa = PBXBuildFile; fileRef = 6D074E8923B99E01002AC119 /* LaunchScreen.storyboard */; };
		6D36744C23D4FD5900705012 /* MarvelAPI.swift in Sources */ = {isa = PBXBuildFile; fileRef = 6D36744B23D4FD5900705012 /* MarvelAPI.swift */; };
		6D36744E23D4FD8400705012 /* MarvelClasses.swift in Sources */ = {isa = PBXBuildFile; fileRef = 6D36744D23D4FD8400705012 /* MarvelClasses.swift */; };
		6D44E29E23CA632100F63AF5 /* HeroesTableViewController.swift in Sources */ = {isa = PBXBuildFile; fileRef = 6D44E29D23CA632100F63AF5 /* HeroesTableViewController.swift */; };
		6D44E2A023CA633400F63AF5 /* HeroTableViewCell.swift in Sources */ = {isa = PBXBuildFile; fileRef = 6D44E29F23CA633400F63AF5 /* HeroTableViewCell.swift */; };
		6D44E2A223CA635600F63AF5 /* HeroViewController.swift in Sources */ = {isa = PBXBuildFile; fileRef = 6D44E2A123CA635600F63AF5 /* HeroViewController.swift */; };
		7B663DD0C9039ED9A7D5B9D1 /* Pods_HeroisMarvel.framework in Frameworks */ = {isa = PBXBuildFile; fileRef = 96BA0FAF3C8D734EF75CEE93 /* Pods_HeroisMarvel.framework */; };
/* End PBXBuildFile section */

/* Begin PBXFileReference section */
		0ECCEFB71893588F53F585AE /* Pods-HeroisMarvel.debug.xcconfig */ = {isa = PBXFileReference; includeInIndex = 1; lastKnownFileType = text.xcconfig; name = "Pods-HeroisMarvel.debug.xcconfig"; path = "Target Support Files/Pods-HeroisMarvel/Pods-HeroisMarvel.debug.xcconfig"; sourceTree = "<group>"; };
		6D074E7B23B99DFE002AC119 /* HeroisMarvel.app */ = {isa = PBXFileReference; explicitFileType = wrapper.application; includeInIndex = 0; path = HeroisMarvel.app; sourceTree = BUILT_PRODUCTS_DIR; };
		6D074E7E23B99DFE002AC119 /* AppDelegate.swift */ = {isa = PBXFileReference; lastKnownFileType = sourcecode.swift; path = AppDelegate.swift; sourceTree = "<group>"; };
		6D074E8023B99DFE002AC119 /* SceneDelegate.swift */ = {isa = PBXFileReference; lastKnownFileType = sourcecode.swift; path = SceneDelegate.swift; sourceTree = "<group>"; };
		6D074E8223B99DFE002AC119 /* ViewController.swift */ = {isa = PBXFileReference; lastKnownFileType = sourcecode.swift; path = ViewController.swift; sourceTree = "<group>"; };
		6D074E8523B99DFE002AC119 /* Base */ = {isa = PBXFileReference; lastKnownFileType = file.storyboard; name = Base; path = Base.lproj/Main.storyboard; sourceTree = "<group>"; };
		6D074E8723B99E01002AC119 /* Assets.xcassets */ = {isa = PBXFileReference; lastKnownFileType = folder.assetcatalog; path = Assets.xcassets; sourceTree = "<group>"; };
		6D074E8A23B99E01002AC119 /* Base */ = {isa = PBXFileReference; lastKnownFileType = file.storyboard; name = Base; path = Base.lproj/LaunchScreen.storyboard; sourceTree = "<group>"; };
		6D074E8C23B99E01002AC119 /* Info.plist */ = {isa = PBXFileReference; lastKnownFileType = text.plist.xml; path = Info.plist; sourceTree = "<group>"; };
		6D36744B23D4FD5900705012 /* MarvelAPI.swift */ = {isa = PBXFileReference; lastKnownFileType = sourcecode.swift; path = MarvelAPI.swift; sourceTree = "<group>"; };
		6D36744D23D4FD8400705012 /* MarvelClasses.swift */ = {isa = PBXFileReference; lastKnownFileType = sourcecode.swift; path = MarvelClasses.swift; sourceTree = "<group>"; };
		6D44E29D23CA632100F63AF5 /* HeroesTableViewController.swift */ = {isa = PBXFileReference; lastKnownFileType = sourcecode.swift; path = HeroesTableViewController.swift; sourceTree = "<group>"; };
		6D44E29F23CA633400F63AF5 /* HeroTableViewCell.swift */ = {isa = PBXFileReference; lastKnownFileType = sourcecode.swift; path = HeroTableViewCell.swift; sourceTree = "<group>"; };
		6D44E2A123CA635600F63AF5 /* HeroViewController.swift */ = {isa = PBXFileReference; lastKnownFileType = sourcecode.swift; path = HeroViewController.swift; sourceTree = "<group>"; };
		8A54ECC8ECCF0F36A8EF697A /* Pods-HeroisMarvel.release.xcconfig */ = {isa = PBXFileReference; includeInIndex = 1; lastKnownFileType = text.xcconfig; name = "Pods-HeroisMarvel.release.xcconfig"; path = "Target Support Files/Pods-HeroisMarvel/Pods-HeroisMarvel.release.xcconfig"; sourceTree = "<group>"; };
		96BA0FAF3C8D734EF75CEE93 /* Pods_HeroisMarvel.framework */ = {isa = PBXFileReference; explicitFileType = wrapper.framework; includeInIndex = 0; path = Pods_HeroisMarvel.framework; sourceTree = BUILT_PRODUCTS_DIR; };
/* End PBXFileReference section */

/* Begin PBXFrameworksBuildPhase section */
		6D074E7823B99DFE002AC119 /* Frameworks */ = {
			isa = PBXFrameworksBuildPhase;
			buildActionMask = 2147483647;
			files = (
				7B663DD0C9039ED9A7D5B9D1 /* Pods_HeroisMarvel.framework in Frameworks */,
			);
			runOnlyForDeploymentPostprocessing = 0;
		};
/* End PBXFrameworksBuildPhase section */

/* Begin PBXGroup section */
		531F331E63627F29D06E15BB /* Pods */ = {
			isa = PBXGroup;
			children = (
				0ECCEFB71893588F53F585AE /* Pods-HeroisMarvel.debug.xcconfig */,
				8A54ECC8ECCF0F36A8EF697A /* Pods-HeroisMarvel.release.xcconfig */,
			);
			path = Pods;
			sourceTree = "<group>";
		};
		6D074E7223B99DFE002AC119 = {
			isa = PBXGroup;
			children = (
				6D074E7D23B99DFE002AC119 /* HeroisMarvel */,
				6D074E7C23B99DFE002AC119 /* Products */,
				531F331E63627F29D06E15BB /* Pods */,
				89282448066CC6F91D447D13 /* Frameworks */,
			);
			sourceTree = "<group>";
		};
		6D074E7C23B99DFE002AC119 /* Products */ = {
			isa = PBXGroup;
			children = (
				6D074E7B23B99DFE002AC119 /* HeroisMarvel.app */,
			);
			name = Products;
			sourceTree = "<group>";
		};
		6D074E7D23B99DFE002AC119 /* HeroisMarvel */ = {
			isa = PBXGroup;
			children = (
				6D44E2A523CA638800F63AF5 /* Controllers */,
				6D36744F23D51EFE00705012 /* Models */,
				6D44E2A623CA639E00F63AF5 /* Resources */,
				6D36745123D51F2500705012 /* System files */,
				6D44E2A423CA637400F63AF5 /* Views */,
			);
			path = HeroisMarvel;
			sourceTree = "<group>";
		};
		6D36744F23D51EFE00705012 /* Models */ = {
			isa = PBXGroup;
			children = (
				6D36745023D51F0A00705012 /* Network */,
				6D36744D23D4FD8400705012 /* MarvelClasses.swift */,
			);
			path = Models;
			sourceTree = "<group>";
		};
		6D36745023D51F0A00705012 /* Network */ = {
			isa = PBXGroup;
			children = (
				6D36744B23D4FD5900705012 /* MarvelAPI.swift */,
			);
			path = Network;
			sourceTree = "<group>";
		};
		6D36745123D51F2500705012 /* System files */ = {
			isa = PBXGroup;
			children = (
				6D074E7E23B99DFE002AC119 /* AppDelegate.swift */,
				6D074E8023B99DFE002AC119 /* SceneDelegate.swift */,
				6D074E8C23B99E01002AC119 /* Info.plist */,
			);
			path = "System files";
			sourceTree = "<group>";
		};
		6D44E2A323CA636000F63AF5 /* Cell */ = {
			isa = PBXGroup;
			children = (
				6D44E29F23CA633400F63AF5 /* HeroTableViewCell.swift */,
			);
			path = Cell;
			sourceTree = "<group>";
		};
		6D44E2A423CA637400F63AF5 /* Views */ = {
			isa = PBXGroup;
			children = (
				6D44E2A323CA636000F63AF5 /* Cell */,
				6D074E8923B99E01002AC119 /* LaunchScreen.storyboard */,
				6D074E8423B99DFE002AC119 /* Main.storyboard */,
			);
			path = Views;
			sourceTree = "<group>";
		};
		6D44E2A523CA638800F63AF5 /* Controllers */ = {
			isa = PBXGroup;
			children = (
				6D44E29D23CA632100F63AF5 /* HeroesTableViewController.swift */,
				6D44E2A123CA635600F63AF5 /* HeroViewController.swift */,
				6D074E8223B99DFE002AC119 /* ViewController.swift */,
			);
			path = Controllers;
			sourceTree = "<group>";
		};
		6D44E2A623CA639E00F63AF5 /* Resources */ = {
			isa = PBXGroup;
			children = (
				6D074E8723B99E01002AC119 /* Assets.xcassets */,
			);
			path = Resources;
			sourceTree = "<group>";
		};
		89282448066CC6F91D447D13 /* Frameworks */ = {
			isa = PBXGroup;
			children = (
				96BA0FAF3C8D734EF75CEE93 /* Pods_HeroisMarvel.framework */,
			);
			name = Frameworks;
			sourceTree = "<group>";
		};
/* End PBXGroup section */

/* Begin PBXNativeTarget section */
		6D074E7A23B99DFE002AC119 /* HeroisMarvel */ = {
			isa = PBXNativeTarget;
			buildConfigurationList = 6D074E8F23B99E01002AC119 /* Build configuration list for PBXNativeTarget "HeroisMarvel" */;
			buildPhases = (
				BBEC7729090741C403B0A763 /* [CP] Check Pods Manifest.lock */,
				6D074E7723B99DFE002AC119 /* Sources */,
				6D074E7823B99DFE002AC119 /* Frameworks */,
				6D074E7923B99DFE002AC119 /* Resources */,
				39768540CD6D6DBAAD77B42E /* [CP] Embed Pods Frameworks */,
			);
			buildRules = (
			);
			dependencies = (
			);
			name = HeroisMarvel;
			productName = HeroisMarvel;
			productReference = 6D074E7B23B99DFE002AC119 /* HeroisMarvel.app */;
			productType = "com.apple.product-type.application";
		};
/* End PBXNativeTarget section */

/* Begin PBXProject section */
		6D074E7323B99DFE002AC119 /* Project object */ = {
			isa = PBXProject;
			attributes = {
				LastSwiftUpdateCheck = 1130;
				LastUpgradeCheck = 1130;
				ORGANIZATIONNAME = lsb.br;
				TargetAttributes = {
					6D074E7A23B99DFE002AC119 = {
						CreatedOnToolsVersion = 11.3;
					};
				};
			};
			buildConfigurationList = 6D074E7623B99DFE002AC119 /* Build configuration list for PBXProject "HeroisMarvel" */;
			compatibilityVersion = "Xcode 9.3";
			developmentRegion = en;
			hasScannedForEncodings = 0;
			knownRegions = (
				en,
				Base,
			);
			mainGroup = 6D074E7223B99DFE002AC119;
			productRefGroup = 6D074E7C23B99DFE002AC119 /* Products */;
			projectDirPath = "";
			projectRoot = "";
			targets = (
				6D074E7A23B99DFE002AC119 /* HeroisMarvel */,
			);
		};
/* End PBXProject section */

/* Begin PBXResourcesBuildPhase section */
		6D074E7923B99DFE002AC119 /* Resources */ = {
			isa = PBXResourcesBuildPhase;
			buildActionMask = 2147483647;
			files = (
				6D074E8B23B99E01002AC119 /* LaunchScreen.storyboard in Resources */,
				6D074E8823B99E01002AC119 /* Assets.xcassets in Resources */,
				6D074E8623B99DFE002AC119 /* Main.storyboard in Resources */,
			);
			runOnlyForDeploymentPostprocessing = 0;
		};
/* End PBXResourcesBuildPhase section */

/* Begin PBXShellScriptBuildPhase section */
		39768540CD6D6DBAAD77B42E /* [CP] Embed Pods Frameworks */ = {
			isa = PBXShellScriptBuildPhase;
			buildActionMask = 2147483647;
			files = (
			);
			inputFileListPaths = (
				"${PODS_ROOT}/Target Support Files/Pods-HeroisMarvel/Pods-HeroisMarvel-frameworks-${CONFIGURATION}-input-files.xcfilelist",
			);
			name = "[CP] Embed Pods Frameworks";
			outputFileListPaths = (
				"${PODS_ROOT}/Target Support Files/Pods-HeroisMarvel/Pods-HeroisMarvel-frameworks-${CONFIGURATION}-output-files.xcfilelist",
			);
			runOnlyForDeploymentPostprocessing = 0;
			shellPath = /bin/sh;
			shellScript = "\"${PODS_ROOT}/Target Support Files/Pods-HeroisMarvel/Pods-HeroisMarvel-frameworks.sh\"\n";
			showEnvVarsInLog = 0;
		};
		BBEC7729090741C403B0A763 /* [CP] Check Pods Manifest.lock */ = {
			isa = PBXShellScriptBuildPhase;
			buildActionMask = 2147483647;
			files = (
			);
			inputFileListPaths = (
			);
			inputPaths = (
				"${PODS_PODFILE_DIR_PATH}/Podfile.lock",
				"${PODS_ROOT}/Manifest.lock",
			);
			name = "[CP] Check Pods Manifest.lock";
			outputFileListPaths = (
			);
			outputPaths = (
				"$(DERIVED_FILE_DIR)/Pods-HeroisMarvel-checkManifestLockResult.txt",
			);
			runOnlyForDeploymentPostprocessing = 0;
			shellPath = /bin/sh;
			shellScript = "diff \"${PODS_PODFILE_DIR_PATH}/Podfile.lock\" \"${PODS_ROOT}/Manifest.lock\" > /dev/null\nif [ $? != 0 ] ; then\n    # print error to STDERR\n    echo \"error: The sandbox is not in sync with the Podfile.lock. Run 'pod install' or update your CocoaPods installation.\" >&2\n    exit 1\nfi\n# This output is used by Xcode 'outputs' to avoid re-running this script phase.\necho \"SUCCESS\" > \"${SCRIPT_OUTPUT_FILE_0}\"\n";
			showEnvVarsInLog = 0;
		};
/* End PBXShellScriptBuildPhase section */

/* Begin PBXSourcesBuildPhase section */
		6D074E7723B99DFE002AC119 /* Sources */ = {
			isa = PBXSourcesBuildPhase;
			buildActionMask = 2147483647;
			files = (
				6D074E8323B99DFE002AC119 /* ViewController.swift in Sources */,
				6D074E7F23B99DFE002AC119 /* AppDelegate.swift in Sources */,
				6D074E8123B99DFE002AC119 /* SceneDelegate.swift in Sources */,
				6D36744E23D4FD8400705012 /* MarvelClasses.swift in Sources */,
				6D44E29E23CA632100F63AF5 /* HeroesTableViewController.swift in Sources */,
				6D44E2A223CA635600F63AF5 /* HeroViewController.swift in Sources */,
				6D36744C23D4FD5900705012 /* MarvelAPI.swift in Sources */,
				6D44E2A023CA633400F63AF5 /* HeroTableViewCell.swift in Sources */,
			);
			runOnlyForDeploymentPostprocessing = 0;
		};
/* End PBXSourcesBuildPhase section */

/* Begin PBXVariantGroup section */
		6D074E8423B99DFE002AC119 /* Main.storyboard */ = {
			isa = PBXVariantGroup;
			children = (
				6D074E8523B99DFE002AC119 /* Base */,
			);
			name = Main.storyboard;
			sourceTree = "<group>";
		};
		6D074E8923B99E01002AC119 /* LaunchScreen.storyboard */ = {
			isa = PBXVariantGroup;
			children = (
				6D074E8A23B99E01002AC119 /* Base */,
			);
			name = LaunchScreen.storyboard;
			sourceTree = "<group>";
		};
/* End PBXVariantGroup section */

/* Begin XCBuildConfiguration section */
		6D074E8D23B99E01002AC119 /* Debug */ = {
			isa = XCBuildConfiguration;
			buildSettings = {
				ALWAYS_SEARCH_USER_PATHS = NO;
				CLANG_ANALYZER_NONNULL = YES;
				CLANG_ANALYZER_NUMBER_OBJECT_CONVERSION = YES_AGGRESSIVE;
				CLANG_CXX_LANGUAGE_STANDARD = "gnu++14";
				CLANG_CXX_LIBRARY = "libc++";
				CLANG_ENABLE_MODULES = YES;
				CLANG_ENABLE_OBJC_ARC = YES;
				CLANG_ENABLE_OBJC_WEAK = YES;
				CLANG_WARN_BLOCK_CAPTURE_AUTORELEASING = YES;
				CLANG_WARN_BOOL_CONVERSION = YES;
				CLANG_WARN_COMMA = YES;
				CLANG_WARN_CONSTANT_CONVERSION = YES;
				CLANG_WARN_DEPRECATED_OBJC_IMPLEMENTATIONS = YES;
				CLANG_WARN_DIRECT_OBJC_ISA_USAGE = YES_ERROR;
				CLANG_WARN_DOCUMENTATION_COMMENTS = YES;
				CLANG_WARN_EMPTY_BODY = YES;
				CLANG_WARN_ENUM_CONVERSION = YES;
				CLANG_WARN_INFINITE_RECURSION = YES;
				CLANG_WARN_INT_CONVERSION = YES;
				CLANG_WARN_NON_LITERAL_NULL_CONVERSION = YES;
				CLANG_WARN_OBJC_IMPLICIT_RETAIN_SELF = YES;
				CLANG_WARN_OBJC_LITERAL_CONVERSION = YES;
				CLANG_WARN_OBJC_ROOT_CLASS = YES_ERROR;
				CLANG_WARN_RANGE_LOOP_ANALYSIS = YES;
				CLANG_WARN_STRICT_PROTOTYPES = YES;
				CLANG_WARN_SUSPICIOUS_MOVE = YES;
				CLANG_WARN_UNGUARDED_AVAILABILITY = YES_AGGRESSIVE;
				CLANG_WARN_UNREACHABLE_CODE = YES;
				CLANG_WARN__DUPLICATE_METHOD_MATCH = YES;
				COPY_PHASE_STRIP = NO;
				DEBUG_INFORMATION_FORMAT = dwarf;
				ENABLE_STRICT_OBJC_MSGSEND = YES;
				ENABLE_TESTABILITY = YES;
				GCC_C_LANGUAGE_STANDARD = gnu11;
				GCC_DYNAMIC_NO_PIC = NO;
				GCC_NO_COMMON_BLOCKS = YES;
				GCC_OPTIMIZATION_LEVEL = 0;
				GCC_PREPROCESSOR_DEFINITIONS = (
					"DEBUG=1",
					"$(inherited)",
				);
				GCC_WARN_64_TO_32_BIT_CONVERSION = YES;
				GCC_WARN_ABOUT_RETURN_TYPE = YES_ERROR;
				GCC_WARN_UNDECLARED_SELECTOR = YES;
				GCC_WARN_UNINITIALIZED_AUTOS = YES_AGGRESSIVE;
				GCC_WARN_UNUSED_FUNCTION = YES;
				GCC_WARN_UNUSED_VARIABLE = YES;
				IPHONEOS_DEPLOYMENT_TARGET = 13.2;
				MTL_ENABLE_DEBUG_INFO = INCLUDE_SOURCE;
				MTL_FAST_MATH = YES;
				ONLY_ACTIVE_ARCH = YES;
				SDKROOT = iphoneos;
				SWIFT_ACTIVE_COMPILATION_CONDITIONS = DEBUG;
				SWIFT_OPTIMIZATION_LEVEL = "-Onone";
			};
			name = Debug;
		};
		6D074E8E23B99E01002AC119 /* Release */ = {
			isa = XCBuildConfiguration;
			buildSettings = {
				ALWAYS_SEARCH_USER_PATHS = NO;
				CLANG_ANALYZER_NONNULL = YES;
				CLANG_ANALYZER_NUMBER_OBJECT_CONVERSION = YES_AGGRESSIVE;
				CLANG_CXX_LANGUAGE_STANDARD = "gnu++14";
				CLANG_CXX_LIBRARY = "libc++";
				CLANG_ENABLE_MODULES = YES;
				CLANG_ENABLE_OBJC_ARC = YES;
				CLANG_ENABLE_OBJC_WEAK = YES;
				CLANG_WARN_BLOCK_CAPTURE_AUTORELEASING = YES;
				CLANG_WARN_BOOL_CONVERSION = YES;
				CLANG_WARN_COMMA = YES;
				CLANG_WARN_CONSTANT_CONVERSION = YES;
				CLANG_WARN_DEPRECATED_OBJC_IMPLEMENTATIONS = YES;
				CLANG_WARN_DIRECT_OBJC_ISA_USAGE = YES_ERROR;
				CLANG_WARN_DOCUMENTATION_COMMENTS = YES;
				CLANG_WARN_EMPTY_BODY = YES;
				CLANG_WARN_ENUM_CONVERSION = YES;
				CLANG_WARN_INFINITE_RECURSION = YES;
				CLANG_WARN_INT_CONVERSION = YES;
				CLANG_WARN_NON_LITERAL_NULL_CONVERSION = YES;
				CLANG_WARN_OBJC_IMPLICIT_RETAIN_SELF = YES;
				CLANG_WARN_OBJC_LITERAL_CONVERSION = YES;
				CLANG_WARN_OBJC_ROOT_CLASS = YES_ERROR;
				CLANG_WARN_RANGE_LOOP_ANALYSIS = YES;
				CLANG_WARN_STRICT_PROTOTYPES = YES;
				CLANG_WARN_SUSPICIOUS_MOVE = YES;
				CLANG_WARN_UNGUARDED_AVAILABILITY = YES_AGGRESSIVE;
				CLANG_WARN_UNREACHABLE_CODE = YES;
				CLANG_WARN__DUPLICATE_METHOD_MATCH = YES;
				COPY_PHASE_STRIP = NO;
				DEBUG_INFORMATION_FORMAT = "dwarf-with-dsym";
				ENABLE_NS_ASSERTIONS = NO;
				ENABLE_STRICT_OBJC_MSGSEND = YES;
				GCC_C_LANGUAGE_STANDARD = gnu11;
				GCC_NO_COMMON_BLOCKS = YES;
				GCC_WARN_64_TO_32_BIT_CONVERSION = YES;
				GCC_WARN_ABOUT_RETURN_TYPE = YES_ERROR;
				GCC_WARN_UNDECLARED_SELECTOR = YES;
				GCC_WARN_UNINITIALIZED_AUTOS = YES_AGGRESSIVE;
				GCC_WARN_UNUSED_FUNCTION = YES;
				GCC_WARN_UNUSED_VARIABLE = YES;
				IPHONEOS_DEPLOYMENT_TARGET = 13.2;
				MTL_ENABLE_DEBUG_INFO = NO;
				MTL_FAST_MATH = YES;
				SDKROOT = iphoneos;
				SWIFT_COMPILATION_MODE = wholemodule;
				SWIFT_OPTIMIZATION_LEVEL = "-O";
				VALIDATE_PRODUCT = YES;
			};
			name = Release;
		};
		6D074E9023B99E01002AC119 /* Debug */ = {
			isa = XCBuildConfiguration;
			baseConfigurationReference = 0ECCEFB71893588F53F585AE /* Pods-HeroisMarvel.debug.xcconfig */;
			buildSettings = {
				ASSETCATALOG_COMPILER_APPICON_NAME = AppIcon;
				CODE_SIGN_STYLE = Automatic;
				DEVELOPMENT_TEAM = R6HS285U35;
				INFOPLIST_FILE = "HeroisMarvel/System Files/Info.plist";
				LD_RUNPATH_SEARCH_PATHS = (
					"$(inherited)",
					"@executable_path/Frameworks",
				);
				PRODUCT_BUNDLE_IDENTIFIER = br.lsb.HeroisMarvel;
				PRODUCT_NAME = "$(TARGET_NAME)";
				SWIFT_VERSION = 5.0;
				TARGETED_DEVICE_FAMILY = "1,2";
			};
			name = Debug;
		};
		6D074E9123B99E01002AC119 /* Release */ = {
			isa = XCBuildConfiguration;
			baseConfigurationReference = 8A54ECC8ECCF0F36A8EF697A /* Pods-HeroisMarvel.release.xcconfig */;
			buildSettings = {
				ASSETCATALOG_COMPILER_APPICON_NAME = AppIcon;
				CODE_SIGN_STYLE = Automatic;
				DEVELOPMENT_TEAM = R6HS285U35;
				INFOPLIST_FILE = "HeroisMarvel/System Files/Info.plist";
				LD_RUNPATH_SEARCH_PATHS = (
					"$(inherited)",
					"@executable_path/Frameworks",
				);
				PRODUCT_BUNDLE_IDENTIFIER = br.lsb.HeroisMarvel;
				PRODUCT_NAME = "$(TARGET_NAME)";
				SWIFT_VERSION = 5.0;
				TARGETED_DEVICE_FAMILY = "1,2";
			};
			name = Release;
		};
/* End XCBuildConfiguration section */

/* Begin XCConfigurationList section */
		6D074E7623B99DFE002AC119 /* Build configuration list for PBXProject "HeroisMarvel" */ = {
			isa = XCConfigurationList;
			buildConfigurations = (
				6D074E8D23B99E01002AC119 /* Debug */,
				6D074E8E23B99E01002AC119 /* Release */,
			);
			defaultConfigurationIsVisible = 0;
			defaultConfigurationName = Release;
		};
		6D074E8F23B99E01002AC119 /* Build configuration list for PBXNativeTarget "HeroisMarvel" */ = {
			isa = XCConfigurationList;
			buildConfigurations = (
				6D074E9023B99E01002AC119 /* Debug */,
				6D074E9123B99E01002AC119 /* Release */,
			);
			defaultConfigurationIsVisible = 0;
			defaultConfigurationName = Release;
		};
/* End XCConfigurationList section */
	};
	rootObject = 6D074E7323B99DFE002AC119 /* Project object */;
}
